
Microsoft Visual Studio Solution File, Format Version 12.00
# Visual Studio Version 17
VisualStudioVersion = 17.6.33815.320
MinimumVisualStudioVersion = 10.0.40219.1
Project("{FAE04EC0-301F-11D3-BF4B-00C04F79EFBC}") = "projectOne", "projectOne\projectOne.csproj", "{58D879A8-716E-4373-BBB8-9C4A2D3A996E}"
EndProject
Global
	GlobalSection(SolutionConfigurationPlatforms) = preSolution
		Debug|Any CPU = Debug|Any CPU
		Release|Any CPU = Release|Any CPU
	EndGlobalSection
	GlobalSection(ProjectConfigurationPlatforms) = postSolution
		{58D879A8-716E-4373-BBB8-9C4A2D3A996E}.Debug|Any CPU.ActiveCfg = Debug|Any CPU
		{58D879A8-716E-4373-BBB8-9C4A2D3A996E}.Debug|Any CPU.Build.0 = Debug|Any CPU
		{58D879A8-716E-4373-BBB8-9C4A2D3A996E}.Release|Any CPU.ActiveCfg = Release|Any CPU
		{58D879A8-716E-4373-BBB8-9C4A2D3A996E}.Release|Any CPU.Build.0 = Release|Any CPU
	EndGlobalSection
	GlobalSection(SolutionProperties) = preSolution
		HideSolutionNode = FALSE
	EndGlobalSection
	GlobalSection(ExtensibilityGlobals) = postSolution
		SolutionGuid = {2D4C7A22-0308-4DF9-AE4A-A1BE592A877A}
	EndGlobalSection
EndGlobal
